
Microsoft Visual Studio Solution File, Format Version 12.00
# Visual Studio 15
Project("{FAE04EC0-301F-11D3-BF4B-00C04F79EFBC}") = "Demo.Android", "Demo.Android\Demo.Android.csproj", "{24CE3C36-16B9-426D-AA0C-5961ECF8D88C}"
EndProject
Project("{FAE04EC0-301F-11D3-BF4B-00C04F79EFBC}") = "Demo.iOS", "Demo.iOS\Demo.iOS.csproj", "{2747A82E-A600-4FBC-BDC5-3D164C203462}"
EndProject
Project("{FAE04EC0-301F-11D3-BF4B-00C04F79EFBC}") = "Demo", "Demo\Demo.csproj", "{AE405033-AEEF-43AE-8497-C78E3134881D}"
EndProject
Project("{FAE04EC0-301F-11D3-BF4B-00C04F79EFBC}") = "Testing", "Testing\Testing.csproj", "{5B942B6D-CC29-4719-913B-3849AA863BF8}"
EndProject
Global
	GlobalSection(SolutionConfigurationPlatforms) = preSolution
		Debug|Any CPU = Debug|Any CPU
		Release|Any CPU = Release|Any CPU
		Debug|iPhoneSimulator = Debug|iPhoneSimulator
		Release|iPhoneSimulator = Release|iPhoneSimulator
		Debug|iPhone = Debug|iPhone
		Release|iPhone = Release|iPhone
	EndGlobalSection
	GlobalSection(ProjectConfigurationPlatforms) = postSolution
		{24CE3C36-16B9-426D-AA0C-5961ECF8D88C}.Debug|Any CPU.ActiveCfg = Debug|Any CPU
		{24CE3C36-16B9-426D-AA0C-5961ECF8D88C}.Debug|Any CPU.Build.0 = Debug|Any CPU
		{24CE3C36-16B9-426D-AA0C-5961ECF8D88C}.Release|Any CPU.ActiveCfg = Release|Any CPU
		{24CE3C36-16B9-426D-AA0C-5961ECF8D88C}.Release|Any CPU.Build.0 = Release|Any CPU
		{24CE3C36-16B9-426D-AA0C-5961ECF8D88C}.Debug|iPhoneSimulator.ActiveCfg = Debug|Any CPU
		{24CE3C36-16B9-426D-AA0C-5961ECF8D88C}.Debug|iPhoneSimulator.Build.0 = Debug|Any CPU
		{24CE3C36-16B9-426D-AA0C-5961ECF8D88C}.Release|iPhoneSimulator.ActiveCfg = Release|Any CPU
		{24CE3C36-16B9-426D-AA0C-5961ECF8D88C}.Release|iPhoneSimulator.Build.0 = Release|Any CPU
		{24CE3C36-16B9-426D-AA0C-5961ECF8D88C}.Debug|iPhone.ActiveCfg = Debug|Any CPU
		{24CE3C36-16B9-426D-AA0C-5961ECF8D88C}.Debug|iPhone.Build.0 = Debug|Any CPU
		{24CE3C36-16B9-426D-AA0C-5961ECF8D88C}.Release|iPhone.ActiveCfg = Release|Any CPU
		{24CE3C36-16B9-426D-AA0C-5961ECF8D88C}.Release|iPhone.Build.0 = Release|Any CPU
		{2747A82E-A600-4FBC-BDC5-3D164C203462}.Debug|Any CPU.ActiveCfg = Debug|iPhoneSimulator
		{2747A82E-A600-4FBC-BDC5-3D164C203462}.Debug|Any CPU.Build.0 = Debug|iPhoneSimulator
		{2747A82E-A600-4FBC-BDC5-3D164C203462}.Release|Any CPU.ActiveCfg = Release|iPhoneSimulator
		{2747A82E-A600-4FBC-BDC5-3D164C203462}.Release|Any CPU.Build.0 = Release|iPhoneSimulator
		{2747A82E-A600-4FBC-BDC5-3D164C203462}.Debug|iPhoneSimulator.ActiveCfg = Debug|iPhoneSimulator
		{2747A82E-A600-4FBC-BDC5-3D164C203462}.Debug|iPhoneSimulator.Build.0 = Debug|iPhoneSimulator
		{2747A82E-A600-4FBC-BDC5-3D164C203462}.Release|iPhoneSimulator.ActiveCfg = Release|iPhoneSimulator
		{2747A82E-A600-4FBC-BDC5-3D164C203462}.Release|iPhoneSimulator.Build.0 = Release|iPhoneSimulator
		{2747A82E-A600-4FBC-BDC5-3D164C203462}.Debug|iPhone.ActiveCfg = Debug|iPhone
		{2747A82E-A600-4FBC-BDC5-3D164C203462}.Debug|iPhone.Build.0 = Debug|iPhone
		{2747A82E-A600-4FBC-BDC5-3D164C203462}.Release|iPhone.ActiveCfg = Release|iPhone
		{2747A82E-A600-4FBC-BDC5-3D164C203462}.Release|iPhone.Build.0 = Release|iPhone
		{AE405033-AEEF-43AE-8497-C78E3134881D}.Debug|Any CPU.ActiveCfg = Debug|Any CPU
		{AE405033-AEEF-43AE-8497-C78E3134881D}.Debug|Any CPU.Build.0 = Debug|Any CPU
		{AE405033-AEEF-43AE-8497-C78E3134881D}.Release|Any CPU.ActiveCfg = Release|Any CPU
		{AE405033-AEEF-43AE-8497-C78E3134881D}.Release|Any CPU.Build.0 = Release|Any CPU
		{AE405033-AEEF-43AE-8497-C78E3134881D}.Debug|iPhoneSimulator.ActiveCfg = Debug|Any CPU
		{AE405033-AEEF-43AE-8497-C78E3134881D}.Debug|iPhoneSimulator.Build.0 = Debug|Any CPU
		{AE405033-AEEF-43AE-8497-C78E3134881D}.Release|iPhoneSimulator.ActiveCfg = Release|Any CPU
		{AE405033-AEEF-43AE-8497-C78E3134881D}.Release|iPhoneSimulator.Build.0 = Release|Any CPU
		{AE405033-AEEF-43AE-8497-C78E3134881D}.Debug|iPhone.ActiveCfg = Debug|Any CPU
		{AE405033-AEEF-43AE-8497-C78E3134881D}.Debug|iPhone.Build.0 = Debug|Any CPU
		{AE405033-AEEF-43AE-8497-C78E3134881D}.Release|iPhone.ActiveCfg = Release|Any CPU
		{AE405033-AEEF-43AE-8497-C78E3134881D}.Release|iPhone.Build.0 = Release|Any CPU
		{5B942B6D-CC29-4719-913B-3849AA863BF8}.Debug|Any CPU.ActiveCfg = Debug|Any CPU
		{5B942B6D-CC29-4719-913B-3849AA863BF8}.Debug|Any CPU.Build.0 = Debug|Any CPU
		{5B942B6D-CC29-4719-913B-3849AA863BF8}.Release|Any CPU.ActiveCfg = Release|Any CPU
		{5B942B6D-CC29-4719-913B-3849AA863BF8}.Release|Any CPU.Build.0 = Release|Any CPU
		{5B942B6D-CC29-4719-913B-3849AA863BF8}.Debug|iPhoneSimulator.ActiveCfg = Debug|Any CPU
		{5B942B6D-CC29-4719-913B-3849AA863BF8}.Debug|iPhoneSimulator.Build.0 = Debug|Any CPU
		{5B942B6D-CC29-4719-913B-3849AA863BF8}.Release|iPhoneSimulator.ActiveCfg = Release|Any CPU
		{5B942B6D-CC29-4719-913B-3849AA863BF8}.Release|iPhoneSimulator.Build.0 = Release|Any CPU
		{5B942B6D-CC29-4719-913B-3849AA863BF8}.Debug|iPhone.ActiveCfg = Debug|Any CPU
		{5B942B6D-CC29-4719-913B-3849AA863BF8}.Debug|iPhone.Build.0 = Debug|Any CPU
		{5B942B6D-CC29-4719-913B-3849AA863BF8}.Release|iPhone.ActiveCfg = Release|Any CPU
		{5B942B6D-CC29-4719-913B-3849AA863BF8}.Release|iPhone.Build.0 = Release|Any CPU
	EndGlobalSection
EndGlobal
